
Microsoft Visual Studio Solution File, Format Version 12.00
# Visual Studio Version 16
VisualStudioVersion = 25.0.1706.7
MinimumVisualStudioVersion = 10.0.40219.1
Project("{FAE04EC0-301F-11D3-BF4B-00C04F79EFBC}") = "MAUIDemos", "MAUIDemos\MAUIDemos.csproj", "{62A0E58C-3839-4C47-A783-D5D4F25EDABC}"
EndProject
Global
	GlobalSection(SolutionConfigurationPlatforms) = preSolution
		Debug|Any CPU = Debug|Any CPU
		Release|Any CPU = Release|Any CPU
	EndGlobalSection
	GlobalSection(ProjectConfigurationPlatforms) = postSolution
		{62A0E58C-3839-4C47-A783-D5D4F25EDABC}.Debug|Any CPU.ActiveCfg = Debug|Any CPU
		{62A0E58C-3839-4C47-A783-D5D4F25EDABC}.Debug|Any CPU.Build.0 = Debug|Any CPU
		{62A0E58C-3839-4C47-A783-D5D4F25EDABC}.Release|Any CPU.ActiveCfg = Release|Any CPU
		{62A0E58C-3839-4C47-A783-D5D4F25EDABC}.Release|Any CPU.Build.0 = Release|Any CPU
	EndGlobalSection
	GlobalSection(SolutionProperties) = preSolution
		HideSolutionNode = FALSE
	EndGlobalSection
	GlobalSection(ExtensibilityGlobals) = postSolution
		SolutionGuid = {211340EB-866C-45AC-9579-A819B966A57A}
	EndGlobalSection
EndGlobal
